
Microsoft Visual Studio Solution File, Format Version 12.00
# Visual Studio Version 17
VisualStudioVersion = 17.6.33712.159
MinimumVisualStudioVersion = 10.0.40219.1
Project("{FAE04EC0-301F-11D3-BF4B-00C04F79EFBC}") = "TriStateHospitals", "TriStateHospitals\TriStateHospitals.csproj", "{0B774CF4-2ED8-4C22-BB21-AB29BB1CECC4}"
EndProject
Global
	GlobalSection(SolutionConfigurationPlatforms) = preSolution
		Debug|Any CPU = Debug|Any CPU
		Release|Any CPU = Release|Any CPU
	EndGlobalSection
	GlobalSection(ProjectConfigurationPlatforms) = postSolution
		{0B774CF4-2ED8-4C22-BB21-AB29BB1CECC4}.Debug|Any CPU.ActiveCfg = Debug|Any CPU
		{0B774CF4-2ED8-4C22-BB21-AB29BB1CECC4}.Debug|Any CPU.Build.0 = Debug|Any CPU
		{0B774CF4-2ED8-4C22-BB21-AB29BB1CECC4}.Release|Any CPU.ActiveCfg = Release|Any CPU
		{0B774CF4-2ED8-4C22-BB21-AB29BB1CECC4}.Release|Any CPU.Build.0 = Release|Any CPU
	EndGlobalSection
	GlobalSection(SolutionProperties) = preSolution
		HideSolutionNode = FALSE
	EndGlobalSection
	GlobalSection(ExtensibilityGlobals) = postSolution
		SolutionGuid = {D26B5A02-6F37-45D3-9912-36BEE3CEF477}
	EndGlobalSection
EndGlobal
